
Microsoft Visual Studio Solution File, Format Version 12.00
# Visual Studio Version 16
VisualStudioVersion = 16.0.31624.102
MinimumVisualStudioVersion = 10.0.40219.1
Project("{9A19103F-16F7-4668-BE54-9A1E7A4F7556}") = "API", "src\API\API.csproj", "{2AA94385-4EFE-4248-9A7C-F7B21483677F}"
EndProject
Project("{9A19103F-16F7-4668-BE54-9A1E7A4F7556}") = "Models", "src\Models\Models.csproj", "{A403E5A6-C073-4E12-8B70-9A60BDABC128}"
EndProject
Project("{FAE04EC0-301F-11D3-BF4B-00C04F79EFBC}") = "Views", "src\Views\Views.csproj", "{E7F51E35-260A-49A3-8F53-63ABA412381D}"
EndProject
Project("{FAE04EC0-301F-11D3-BF4B-00C04F79EFBC}") = "Models.Tests", "src\Models.Tests\Models.Tests.csproj", "{DDC0F218-B153-4E23-B960-DA4CBF257EC5}"
EndProject
Global
	GlobalSection(SolutionConfigurationPlatforms) = preSolution
		Debug|Any CPU = Debug|Any CPU
		Release|Any CPU = Release|Any CPU
	EndGlobalSection
	GlobalSection(ProjectConfigurationPlatforms) = postSolution
		{2AA94385-4EFE-4248-9A7C-F7B21483677F}.Debug|Any CPU.ActiveCfg = Debug|Any CPU
		{2AA94385-4EFE-4248-9A7C-F7B21483677F}.Debug|Any CPU.Build.0 = Debug|Any CPU
		{2AA94385-4EFE-4248-9A7C-F7B21483677F}.Release|Any CPU.ActiveCfg = Release|Any CPU
		{2AA94385-4EFE-4248-9A7C-F7B21483677F}.Release|Any CPU.Build.0 = Release|Any CPU
		{A403E5A6-C073-4E12-8B70-9A60BDABC128}.Debug|Any CPU.ActiveCfg = Debug|Any CPU
		{A403E5A6-C073-4E12-8B70-9A60BDABC128}.Debug|Any CPU.Build.0 = Debug|Any CPU
		{A403E5A6-C073-4E12-8B70-9A60BDABC128}.Release|Any CPU.ActiveCfg = Release|Any CPU
		{A403E5A6-C073-4E12-8B70-9A60BDABC128}.Release|Any CPU.Build.0 = Release|Any CPU
		{E7F51E35-260A-49A3-8F53-63ABA412381D}.Debug|Any CPU.ActiveCfg = Debug|Any CPU
		{E7F51E35-260A-49A3-8F53-63ABA412381D}.Debug|Any CPU.Build.0 = Debug|Any CPU
		{E7F51E35-260A-49A3-8F53-63ABA412381D}.Release|Any CPU.ActiveCfg = Release|Any CPU
		{E7F51E35-260A-49A3-8F53-63ABA412381D}.Release|Any CPU.Build.0 = Release|Any CPU
		{DDC0F218-B153-4E23-B960-DA4CBF257EC5}.Debug|Any CPU.ActiveCfg = Debug|Any CPU
		{DDC0F218-B153-4E23-B960-DA4CBF257EC5}.Debug|Any CPU.Build.0 = Debug|Any CPU
		{DDC0F218-B153-4E23-B960-DA4CBF257EC5}.Release|Any CPU.ActiveCfg = Release|Any CPU
		{DDC0F218-B153-4E23-B960-DA4CBF257EC5}.Release|Any CPU.Build.0 = Release|Any CPU
	EndGlobalSection
	GlobalSection(SolutionProperties) = preSolution
		HideSolutionNode = FALSE
	EndGlobalSection
	GlobalSection(ExtensibilityGlobals) = postSolution
		SolutionGuid = {47312A86-722F-4A9B-9C81-E006536C0957}
	EndGlobalSection
EndGlobal
